
Microsoft Visual Studio Solution File, Format Version 11.00
# Visual Studio 2010
Project("{FAE04EC0-301F-11D3-BF4B-00C04F79EFBC}") = "EsuApiLib", "EsuApiLib\EsuApiLib.csproj", "{DDD70CF7-E2AA-4704-BD26-A91537DE1051}"
EndProject
Project("{FAE04EC0-301F-11D3-BF4B-00C04F79EFBC}") = "EsuApiTest", "EsuApiTest\EsuApiTest.csproj", "{0EA1164B-D965-4A86-A71D-A261401E6CEA}"
EndProject
Project("{2150E333-8FDC-42A3-9474-1A3956D46DE8}") = "Solution Items", "Solution Items", "{F4C1FCA1-6800-4561-882A-9B41C4CEFD1B}"
EndProject
Global
	GlobalSection(TestCaseManagementSettings) = postSolution
		CategoryFile = EsuApi.vsmdi
	EndGlobalSection
	GlobalSection(SolutionConfigurationPlatforms) = preSolution
		Debug|Any CPU = Debug|Any CPU
		Release|Any CPU = Release|Any CPU
	EndGlobalSection
	GlobalSection(ProjectConfigurationPlatforms) = postSolution
		{DDD70CF7-E2AA-4704-BD26-A91537DE1051}.Debug|Any CPU.ActiveCfg = Debug|Any CPU
		{DDD70CF7-E2AA-4704-BD26-A91537DE1051}.Debug|Any CPU.Build.0 = Debug|Any CPU
		{DDD70CF7-E2AA-4704-BD26-A91537DE1051}.Release|Any CPU.ActiveCfg = Release|Any CPU
		{DDD70CF7-E2AA-4704-BD26-A91537DE1051}.Release|Any CPU.Build.0 = Release|Any CPU
		{0EA1164B-D965-4A86-A71D-A261401E6CEA}.Debug|Any CPU.ActiveCfg = Debug|Any CPU
		{0EA1164B-D965-4A86-A71D-A261401E6CEA}.Debug|Any CPU.Build.0 = Debug|Any CPU
		{0EA1164B-D965-4A86-A71D-A261401E6CEA}.Release|Any CPU.ActiveCfg = Release|Any CPU
		{0EA1164B-D965-4A86-A71D-A261401E6CEA}.Release|Any CPU.Build.0 = Release|Any CPU
	EndGlobalSection
	GlobalSection(SolutionProperties) = preSolution
		HideSolutionNode = FALSE
	EndGlobalSection
EndGlobal
